
Microsoft Visual Studio Solution File, Format Version 12.00
# Visual Studio Version 16
VisualStudioVersion = 16.0.31911.196
MinimumVisualStudioVersion = 10.0.40219.1
Project("{FAE04EC0-301F-11D3-BF4B-00C04F79EFBC}") = "FIRSTMEDICALAPPLICATION", "FIRSTMEDICALAPPLICATION.csproj", "{92F1A728-941E-47AE-9DAB-0ABEEE238C5D}"
EndProject
Global
	GlobalSection(SolutionConfigurationPlatforms) = preSolution
		Debug|Any CPU = Debug|Any CPU
		Release|Any CPU = Release|Any CPU
	EndGlobalSection
	GlobalSection(ProjectConfigurationPlatforms) = postSolution
		{92F1A728-941E-47AE-9DAB-0ABEEE238C5D}.Debug|Any CPU.ActiveCfg = Debug|Any CPU
		{92F1A728-941E-47AE-9DAB-0ABEEE238C5D}.Debug|Any CPU.Build.0 = Debug|Any CPU
		{92F1A728-941E-47AE-9DAB-0ABEEE238C5D}.Release|Any CPU.ActiveCfg = Release|Any CPU
		{92F1A728-941E-47AE-9DAB-0ABEEE238C5D}.Release|Any CPU.Build.0 = Release|Any CPU
	EndGlobalSection
	GlobalSection(SolutionProperties) = preSolution
		HideSolutionNode = FALSE
	EndGlobalSection
	GlobalSection(ExtensibilityGlobals) = postSolution
		SolutionGuid = {A4FC9F6F-EC66-4164-A247-B7754425B639}
	EndGlobalSection
EndGlobal
